
Microsoft Visual Studio Solution File, Format Version 12.00
# Visual Studio Version 17
VisualStudioVersion = 17.5.33516.290
MinimumVisualStudioVersion = 10.0.40219.1
Project("{FAE04EC0-301F-11D3-BF4B-00C04F79EFBC}") = "Attendance Management System_", "Attendance Management System_\Attendance Management System_.csproj", "{DDB9F384-CE7C-455A-929C-EBFEACE3300E}"
EndProject
Global
	GlobalSection(SolutionConfigurationPlatforms) = preSolution
		Debug|Any CPU = Debug|Any CPU
		Release|Any CPU = Release|Any CPU
	EndGlobalSection
	GlobalSection(ProjectConfigurationPlatforms) = postSolution
		{DDB9F384-CE7C-455A-929C-EBFEACE3300E}.Debug|Any CPU.ActiveCfg = Debug|Any CPU
		{DDB9F384-CE7C-455A-929C-EBFEACE3300E}.Debug|Any CPU.Build.0 = Debug|Any CPU
		{DDB9F384-CE7C-455A-929C-EBFEACE3300E}.Release|Any CPU.ActiveCfg = Release|Any CPU
		{DDB9F384-CE7C-455A-929C-EBFEACE3300E}.Release|Any CPU.Build.0 = Release|Any CPU
	EndGlobalSection
	GlobalSection(SolutionProperties) = preSolution
		HideSolutionNode = FALSE
	EndGlobalSection
	GlobalSection(ExtensibilityGlobals) = postSolution
		SolutionGuid = {24E3780A-76C6-4245-B6A8-345C100418EE}
	EndGlobalSection
EndGlobal
